// !$*UTF8*$!
{
	archiveVersion = 1;
	classes = {
	};
	objectVersion = 50;
	objects = {

/* Begin PBXBuildFile section */
		21893F71E6F3B11A4F51D643 /* Pods_HelloSnapshotTests.framework in Frameworks */ = {isa = PBXBuildFile; fileRef = 4200B4DC00FEED9E32EB5D3A /* Pods_HelloSnapshotTests.framework */; };
		F97E1E5C23474531005B9373 /* AppDelegate.swift in Sources */ = {isa = PBXBuildFile; fileRef = F97E1E5B23474531005B9373 /* AppDelegate.swift */; };
		F97E1E5E23474531005B9373 /* ViewController.swift in Sources */ = {isa = PBXBuildFile; fileRef = F97E1E5D23474531005B9373 /* ViewController.swift */; };
		F97E1E6123474531005B9373 /* Main.storyboard in Resources */ = {isa = PBXBuildFile; fileRef = F97E1E5F23474531005B9373 /* Main.storyboard */; };
		F97E1E6323474531005B9373 /* Assets.xcassets in Resources */ = {isa = PBXBuildFile; fileRef = F97E1E6223474531005B9373 /* Assets.xcassets */; };
		F97E1E6623474531005B9373 /* LaunchScreen.storyboard in Resources */ = {isa = PBXBuildFile; fileRef = F97E1E6423474531005B9373 /* LaunchScreen.storyboard */; };
		F97E1E7123474531005B9373 /* HelloSnapshotTests.swift in Sources */ = {isa = PBXBuildFile; fileRef = F97E1E7023474531005B9373 /* HelloSnapshotTests.swift */; };
/* End PBXBuildFile section */

/* Begin PBXContainerItemProxy section */
		F97E1E6D23474531005B9373 /* PBXContainerItemProxy */ = {
			isa = PBXContainerItemProxy;
			containerPortal = F97E1E5023474531005B9373 /* Project object */;
			proxyType = 1;
			remoteGlobalIDString = F97E1E5723474531005B9373;
			remoteInfo = HelloSnapshot;
		};
/* End PBXContainerItemProxy section */

/* Begin PBXFileReference section */
		4200B4DC00FEED9E32EB5D3A /* Pods_HelloSnapshotTests.framework */ = {isa = PBXFileReference; explicitFileType = wrapper.framework; includeInIndex = 0; path = Pods_HelloSnapshotTests.framework; sourceTree = BUILT_PRODUCTS_DIR; };
		7BFBEFBCC894F12946215F1E /* Pods-HelloSnapshotTests.debug.xcconfig */ = {isa = PBXFileReference; includeInIndex = 1; lastKnownFileType = text.xcconfig; name = "Pods-HelloSnapshotTests.debug.xcconfig"; path = "Target Support Files/Pods-HelloSnapshotTests/Pods-HelloSnapshotTests.debug.xcconfig"; sourceTree = "<group>"; };
		E3B314E6BE4DD78E71F07984 /* Pods-HelloSnapshotTests.release.xcconfig */ = {isa = PBXFileReference; includeInIndex = 1; lastKnownFileType = text.xcconfig; name = "Pods-HelloSnapshotTests.release.xcconfig"; path = "Target Support Files/Pods-HelloSnapshotTests/Pods-HelloSnapshotTests.release.xcconfig"; sourceTree = "<group>"; };
		F97E1E5823474531005B9373 /* HelloSnapshot.app */ = {isa = PBXFileReference; explicitFileType = wrapper.application; includeInIndex = 0; path = HelloSnapshot.app; sourceTree = BUILT_PRODUCTS_DIR; };
		F97E1E5B23474531005B9373 /* AppDelegate.swift */ = {isa = PBXFileReference; lastKnownFileType = sourcecode.swift; path = AppDelegate.swift; sourceTree = "<group>"; };
		F97E1E5D23474531005B9373 /* ViewController.swift */ = {isa = PBXFileReference; lastKnownFileType = sourcecode.swift; path = ViewController.swift; sourceTree = "<group>"; };
		F97E1E6023474531005B9373 /* Base */ = {isa = PBXFileReference; lastKnownFileType = file.storyboard; name = Base; path = Base.lproj/Main.storyboard; sourceTree = "<group>"; };
		F97E1E6223474531005B9373 /* Assets.xcassets */ = {isa = PBXFileReference; lastKnownFileType = folder.assetcatalog; path = Assets.xcassets; sourceTree = "<group>"; };
		F97E1E6523474531005B9373 /* Base */ = {isa = PBXFileReference; lastKnownFileType = file.storyboard; name = Base; path = Base.lproj/LaunchScreen.storyboard; sourceTree = "<group>"; };
		F97E1E6723474531005B9373 /* Info.plist */ = {isa = PBXFileReference; lastKnownFileType = text.plist.xml; path = Info.plist; sourceTree = "<group>"; };
		F97E1E6C23474531005B9373 /* HelloSnapshotTests.xctest */ = {isa = PBXFileReference; explicitFileType = wrapper.cfbundle; includeInIndex = 0; path = HelloSnapshotTests.xctest; sourceTree = BUILT_PRODUCTS_DIR; };
		F97E1E7023474531005B9373 /* HelloSnapshotTests.swift */ = {isa = PBXFileReference; lastKnownFileType = sourcecode.swift; path = HelloSnapshotTests.swift; sourceTree = "<group>"; };
		F97E1E7223474531005B9373 /* Info.plist */ = {isa = PBXFileReference; lastKnownFileType = text.plist.xml; path = Info.plist; sourceTree = "<group>"; };
/* End PBXFileReference section */

/* Begin PBXFrameworksBuildPhase section */
		F97E1E5523474531005B9373 /* Frameworks */ = {
			isa = PBXFrameworksBuildPhase;
			buildActionMask = 2147483647;
			files = (
			);
			runOnlyForDeploymentPostprocessing = 0;
		};
		F97E1E6923474531005B9373 /* Frameworks */ = {
			isa = PBXFrameworksBuildPhase;
			buildActionMask = 2147483647;
			files = (
				21893F71E6F3B11A4F51D643 /* Pods_HelloSnapshotTests.framework in Frameworks */,
			);
			runOnlyForDeploymentPostprocessing = 0;
		};
/* End PBXFrameworksBuildPhase section */

/* Begin PBXGroup section */
		53F697B2B31410435B140C2B /* Frameworks */ = {
			isa = PBXGroup;
			children = (
				4200B4DC00FEED9E32EB5D3A /* Pods_HelloSnapshotTests.framework */,
			);
			name = Frameworks;
			sourceTree = "<group>";
		};
		779949DFBABB5A4B900A1D60 /* Pods */ = {
			isa = PBXGroup;
			children = (
				7BFBEFBCC894F12946215F1E /* Pods-HelloSnapshotTests.debug.xcconfig */,
				E3B314E6BE4DD78E71F07984 /* Pods-HelloSnapshotTests.release.xcconfig */,
			);
			path = Pods;
			sourceTree = "<group>";
		};
		F97E1E4F23474531005B9373 = {
			isa = PBXGroup;
			children = (
				F97E1E5A23474531005B9373 /* HelloSnapshot */,
				F97E1E6F23474531005B9373 /* HelloSnapshotTests */,
				F97E1E5923474531005B9373 /* Products */,
				779949DFBABB5A4B900A1D60 /* Pods */,
				53F697B2B31410435B140C2B /* Frameworks */,
			);
			sourceTree = "<group>";
		};
		F97E1E5923474531005B9373 /* Products */ = {
			isa = PBXGroup;
			children = (
				F97E1E5823474531005B9373 /* HelloSnapshot.app */,
				F97E1E6C23474531005B9373 /* HelloSnapshotTests.xctest */,
			);
			name = Products;
			sourceTree = "<group>";
		};
		F97E1E5A23474531005B9373 /* HelloSnapshot */ = {
			isa = PBXGroup;
			children = (
				F97E1E5B23474531005B9373 /* AppDelegate.swift */,
				F97E1E5D23474531005B9373 /* ViewController.swift */,
				F97E1E5F23474531005B9373 /* Main.storyboard */,
				F97E1E6223474531005B9373 /* Assets.xcassets */,
				F97E1E6423474531005B9373 /* LaunchScreen.storyboard */,
				F97E1E6723474531005B9373 /* Info.plist */,
			);
			path = HelloSnapshot;
			sourceTree = "<group>";
		};
		F97E1E6F23474531005B9373 /* HelloSnapshotTests */ = {
			isa = PBXGroup;
			children = (
				F97E1E7023474531005B9373 /* HelloSnapshotTests.swift */,
				F97E1E7223474531005B9373 /* Info.plist */,
			);
			path = HelloSnapshotTests;
			sourceTree = "<group>";
		};
/* End PBXGroup section */

/* Begin PBXNativeTarget section */
		F97E1E5723474531005B9373 /* HelloSnapshot */ = {
			isa = PBXNativeTarget;
			buildConfigurationList = F97E1E7523474531005B9373 /* Build configuration list for PBXNativeTarget "HelloSnapshot" */;
			buildPhases = (
				F97E1E5423474531005B9373 /* Sources */,
				F97E1E5523474531005B9373 /* Frameworks */,
				F97E1E5623474531005B9373 /* Resources */,
			);
			buildRules = (
			);
			dependencies = (
			);
			name = HelloSnapshot;
			productName = HelloSnapshot;
			productReference = F97E1E5823474531005B9373 /* HelloSnapshot.app */;
			productType = "com.apple.product-type.application";
		};
		F97E1E6B23474531005B9373 /* HelloSnapshotTests */ = {
			isa = PBXNativeTarget;
			buildConfigurationList = F97E1E7823474531005B9373 /* Build configuration list for PBXNativeTarget "HelloSnapshotTests" */;
			buildPhases = (
				1D9FE01E92B0E4E2C0000D67 /* [CP] Check Pods Manifest.lock */,
				F97E1E6823474531005B9373 /* Sources */,
				F97E1E6923474531005B9373 /* Frameworks */,
				F97E1E6A23474531005B9373 /* Resources */,
				BFC56D765065824D420CBFA8 /* [CP] Embed Pods Frameworks */,
			);
			buildRules = (
			);
			dependencies = (
				F97E1E6E23474531005B9373 /* PBXTargetDependency */,
			);
			name = HelloSnapshotTests;
			productName = HelloSnapshotTests;
			productReference = F97E1E6C23474531005B9373 /* HelloSnapshotTests.xctest */;
			productType = "com.apple.product-type.bundle.unit-test";
		};
/* End PBXNativeTarget section */

/* Begin PBXProject section */
		F97E1E5023474531005B9373 /* Project object */ = {
			isa = PBXProject;
			attributes = {
				LastSwiftUpdateCheck = 1030;
				LastUpgradeCheck = 1030;
				ORGANIZATIONNAME = weathernews;
				TargetAttributes = {
					F97E1E5723474531005B9373 = {
						CreatedOnToolsVersion = 10.3;
					};
					F97E1E6B23474531005B9373 = {
						CreatedOnToolsVersion = 10.3;
						TestTargetID = F97E1E5723474531005B9373;
					};
				};
			};
			buildConfigurationList = F97E1E5323474531005B9373 /* Build configuration list for PBXProject "HelloSnapshot" */;
			compatibilityVersion = "Xcode 9.3";
			developmentRegion = en;
			hasScannedForEncodings = 0;
			knownRegions = (
				en,
				Base,
			);
			mainGroup = F97E1E4F23474531005B9373;
			productRefGroup = F97E1E5923474531005B9373 /* Products */;
			projectDirPath = "";
			projectRoot = "";
			targets = (
				F97E1E5723474531005B9373 /* HelloSnapshot */,
				F97E1E6B23474531005B9373 /* HelloSnapshotTests */,
			);
		};
/* End PBXProject section */

/* Begin PBXResourcesBuildPhase section */
		F97E1E5623474531005B9373 /* Resources */ = {
			isa = PBXResourcesBuildPhase;
			buildActionMask = 2147483647;
			files = (
				F97E1E6623474531005B9373 /* LaunchScreen.storyboard in Resources */,
				F97E1E6323474531005B9373 /* Assets.xcassets in Resources */,
				F97E1E6123474531005B9373 /* Main.storyboard in Resources */,
			);
			runOnlyForDeploymentPostprocessing = 0;
		};
		F97E1E6A23474531005B9373 /* Resources */ = {
			isa = PBXResourcesBuildPhase;
			buildActionMask = 2147483647;
			files = (
			);
			runOnlyForDeploymentPostprocessing = 0;
		};
/* End PBXResourcesBuildPhase section */

/* Begin PBXShellScriptBuildPhase section */
		1D9FE01E92B0E4E2C0000D67 /* [CP] Check Pods Manifest.lock */ = {
			isa = PBXShellScriptBuildPhase;
			buildActionMask = 2147483647;
			files = (
			);
			inputFileListPaths = (
			);
			inputPaths = (
				"${PODS_PODFILE_DIR_PATH}/Podfile.lock",
				"${PODS_ROOT}/Manifest.lock",
			);
			name = "[CP] Check Pods Manifest.lock";
			outputFileListPaths = (
			);
			outputPaths = (
				"$(DERIVED_FILE_DIR)/Pods-HelloSnapshotTests-checkManifestLockResult.txt",
			);
			runOnlyForDeploymentPostprocessing = 0;
			shellPath = /bin/sh;
			shellScript = "diff \"${PODS_PODFILE_DIR_PATH}/Podfile.lock\" \"${PODS_ROOT}/Manifest.lock\" > /dev/null\nif [ $? != 0 ] ; then\n    # print error to STDERR\n    echo \"error: The sandbox is not in sync with the Podfile.lock. Run 'pod install' or update your CocoaPods installation.\" >&2\n    exit 1\nfi\n# This output is used by Xcode 'outputs' to avoid re-running this script phase.\necho \"SUCCESS\" > \"${SCRIPT_OUTPUT_FILE_0}\"\n";
			showEnvVarsInLog = 0;
		};
		BFC56D765065824D420CBFA8 /* [CP] Embed Pods Frameworks */ = {
			isa = PBXShellScriptBuildPhase;
			buildActionMask = 2147483647;
			files = (
			);
			inputFileListPaths = (
				"${PODS_ROOT}/Target Support Files/Pods-HelloSnapshotTests/Pods-HelloSnapshotTests-frameworks-${CONFIGURATION}-input-files.xcfilelist",
			);
			name = "[CP] Embed Pods Frameworks";
			outputFileListPaths = (
				"${PODS_ROOT}/Target Support Files/Pods-HelloSnapshotTests/Pods-HelloSnapshotTests-frameworks-${CONFIGURATION}-output-files.xcfilelist",
			);
			runOnlyForDeploymentPostprocessing = 0;
			shellPath = /bin/sh;
			shellScript = "\"${PODS_ROOT}/Target Support Files/Pods-HelloSnapshotTests/Pods-HelloSnapshotTests-frameworks.sh\"\n";
			showEnvVarsInLog = 0;
		};
/* End PBXShellScriptBuildPhase section */

/* Begin PBXSourcesBuildPhase section */
		F97E1E5423474531005B9373 /* Sources */ = {
			isa = PBXSourcesBuildPhase;
			buildActionMask = 2147483647;
			files = (
				F97E1E5E23474531005B9373 /* ViewController.swift in Sources */,
				F97E1E5C23474531005B9373 /* AppDelegate.swift in Sources */,
			);
			runOnlyForDeploymentPostprocessing = 0;
		};
		F97E1E6823474531005B9373 /* Sources */ = {
			isa = PBXSourcesBuildPhase;
			buildActionMask = 2147483647;
			files = (
				F97E1E7123474531005B9373 /* HelloSnapshotTests.swift in Sources */,
			);
			runOnlyForDeploymentPostprocessing = 0;
		};
/* End PBXSourcesBuildPhase section */

/* Begin PBXTargetDependency section */
		F97E1E6E23474531005B9373 /* PBXTargetDependency */ = {
			isa = PBXTargetDependency;
			target = F97E1E5723474531005B9373 /* HelloSnapshot */;
			targetProxy = F97E1E6D23474531005B9373 /* PBXContainerItemProxy */;
		};
/* End PBXTargetDependency section */

/* Begin PBXVariantGroup section */
		F97E1E5F23474531005B9373 /* Main.storyboard */ = {
			isa = PBXVariantGroup;
			children = (
				F97E1E6023474531005B9373 /* Base */,
			);
			name = Main.storyboard;
			sourceTree = "<group>";
		};
		F97E1E6423474531005B9373 /* LaunchScreen.storyboard */ = {
			isa = PBXVariantGroup;
			children = (
				F97E1E6523474531005B9373 /* Base */,
			);
			name = LaunchScreen.storyboard;
			sourceTree = "<group>";
		};
/* End PBXVariantGroup section */

/* Begin XCBuildConfiguration section */
		F97E1E7323474531005B9373 /* Debug */ = {
			isa = XCBuildConfiguration;
			buildSettings = {
				ALWAYS_SEARCH_USER_PATHS = NO;
				CLANG_ANALYZER_NONNULL = YES;
				CLANG_ANALYZER_NUMBER_OBJECT_CONVERSION = YES_AGGRESSIVE;
				CLANG_CXX_LANGUAGE_STANDARD = "gnu++14";
				CLANG_CXX_LIBRARY = "libc++";
				CLANG_ENABLE_MODULES = YES;
				CLANG_ENABLE_OBJC_ARC = YES;
				CLANG_ENABLE_OBJC_WEAK = YES;
				CLANG_WARN_BLOCK_CAPTURE_AUTORELEASING = YES;
				CLANG_WARN_BOOL_CONVERSION = YES;
				CLANG_WARN_COMMA = YES;
				CLANG_WARN_CONSTANT_CONVERSION = YES;
				CLANG_WARN_DEPRECATED_OBJC_IMPLEMENTATIONS = YES;
				CLANG_WARN_DIRECT_OBJC_ISA_USAGE = YES_ERROR;
				CLANG_WARN_DOCUMENTATION_COMMENTS = YES;
				CLANG_WARN_EMPTY_BODY = YES;
				CLANG_WARN_ENUM_CONVERSION = YES;
				CLANG_WARN_INFINITE_RECURSION = YES;
				CLANG_WARN_INT_CONVERSION = YES;
				CLANG_WARN_NON_LITERAL_NULL_CONVERSION = YES;
				CLANG_WARN_OBJC_IMPLICIT_RETAIN_SELF = YES;
				CLANG_WARN_OBJC_LITERAL_CONVERSION = YES;
				CLANG_WARN_OBJC_ROOT_CLASS = YES_ERROR;
				CLANG_WARN_RANGE_LOOP_ANALYSIS = YES;
				CLANG_WARN_STRICT_PROTOTYPES = YES;
				CLANG_WARN_SUSPICIOUS_MOVE = YES;
				CLANG_WARN_UNGUARDED_AVAILABILITY = YES_AGGRESSIVE;
				CLANG_WARN_UNREACHABLE_CODE = YES;
				CLANG_WARN__DUPLICATE_METHOD_MATCH = YES;
				CODE_SIGN_IDENTITY = "iPhone Developer";
				COPY_PHASE_STRIP = NO;
				DEBUG_INFORMATION_FORMAT = dwarf;
				ENABLE_STRICT_OBJC_MSGSEND = YES;
				ENABLE_TESTABILITY = YES;
				GCC_C_LANGUAGE_STANDARD = gnu11;
				GCC_DYNAMIC_NO_PIC = NO;
				GCC_NO_COMMON_BLOCKS = YES;
				GCC_OPTIMIZATION_LEVEL = 0;
				GCC_PREPROCESSOR_DEFINITIONS = (
					"DEBUG=1",
					"$(inherited)",
				);
				GCC_WARN_64_TO_32_BIT_CONVERSION = YES;
				GCC_WARN_ABOUT_RETURN_TYPE = YES_ERROR;
				GCC_WARN_UNDECLARED_SELECTOR = YES;
				GCC_WARN_UNINITIALIZED_AUTOS = YES_AGGRESSIVE;
				GCC_WARN_UNUSED_FUNCTION = YES;
				GCC_WARN_UNUSED_VARIABLE = YES;
				IPHONEOS_DEPLOYMENT_TARGET = 12.4;
				MTL_ENABLE_DEBUG_INFO = INCLUDE_SOURCE;
				MTL_FAST_MATH = YES;
				ONLY_ACTIVE_ARCH = YES;
				SDKROOT = iphoneos;
				SWIFT_ACTIVE_COMPILATION_CONDITIONS = DEBUG;
				SWIFT_OPTIMIZATION_LEVEL = "-Onone";
			};
			name = Debug;
		};
		F97E1E7423474531005B9373 /* Release */ = {
			isa = XCBuildConfiguration;
			buildSettings = {
				ALWAYS_SEARCH_USER_PATHS = NO;
				CLANG_ANALYZER_NONNULL = YES;
				CLANG_ANALYZER_NUMBER_OBJECT_CONVERSION = YES_AGGRESSIVE;
				CLANG_CXX_LANGUAGE_STANDARD = "gnu++14";
				CLANG_CXX_LIBRARY = "libc++";
				CLANG_ENABLE_MODULES = YES;
				CLANG_ENABLE_OBJC_ARC = YES;
				CLANG_ENABLE_OBJC_WEAK = YES;
				CLANG_WARN_BLOCK_CAPTURE_AUTORELEASING = YES;
				CLANG_WARN_BOOL_CONVERSION = YES;
				CLANG_WARN_COMMA = YES;
				CLANG_WARN_CONSTANT_CONVERSION = YES;
				CLANG_WARN_DEPRECATED_OBJC_IMPLEMENTATIONS = YES;
				CLANG_WARN_DIRECT_OBJC_ISA_USAGE = YES_ERROR;
				CLANG_WARN_DOCUMENTATION_COMMENTS = YES;
				CLANG_WARN_EMPTY_BODY = YES;
				CLANG_WARN_ENUM_CONVERSION = YES;
				CLANG_WARN_INFINITE_RECURSION = YES;
				CLANG_WARN_INT_CONVERSION = YES;
				CLANG_WARN_NON_LITERAL_NULL_CONVERSION = YES;
				CLANG_WARN_OBJC_IMPLICIT_RETAIN_SELF = YES;
				CLANG_WARN_OBJC_LITERAL_CONVERSION = YES;
				CLANG_WARN_OBJC_ROOT_CLASS = YES_ERROR;
				CLANG_WARN_RANGE_LOOP_ANALYSIS = YES;
				CLANG_WARN_STRICT_PROTOTYPES = YES;
				CLANG_WARN_SUSPICIOUS_MOVE = YES;
				CLANG_WARN_UNGUARDED_AVAILABILITY = YES_AGGRESSIVE;
				CLANG_WARN_UNREACHABLE_CODE = YES;
				CLANG_WARN__DUPLICATE_METHOD_MATCH = YES;
				CODE_SIGN_IDENTITY = "iPhone Developer";
				COPY_PHASE_STRIP = NO;
				DEBUG_INFORMATION_FORMAT = "dwarf-with-dsym";
				ENABLE_NS_ASSERTIONS = NO;
				ENABLE_STRICT_OBJC_MSGSEND = YES;
				GCC_C_LANGUAGE_STANDARD = gnu11;
				GCC_NO_COMMON_BLOCKS = YES;
				GCC_WARN_64_TO_32_BIT_CONVERSION = YES;
				GCC_WARN_ABOUT_RETURN_TYPE = YES_ERROR;
				GCC_WARN_UNDECLARED_SELECTOR = YES;
				GCC_WARN_UNINITIALIZED_AUTOS = YES_AGGRESSIVE;
				GCC_WARN_UNUSED_FUNCTION = YES;
				GCC_WARN_UNUSED_VARIABLE = YES;
				IPHONEOS_DEPLOYMENT_TARGET = 12.4;
				MTL_ENABLE_DEBUG_INFO = NO;
				MTL_FAST_MATH = YES;
				SDKROOT = iphoneos;
				SWIFT_COMPILATION_MODE = wholemodule;
				SWIFT_OPTIMIZATION_LEVEL = "-O";
				VALIDATE_PRODUCT = YES;
			};
			name = Release;
		};
		F97E1E7623474531005B9373 /* Debug */ = {
			isa = XCBuildConfiguration;
			buildSettings = {
				ASSETCATALOG_COMPILER_APPICON_NAME = AppIcon;
				CODE_SIGN_STYLE = Automatic;
				DEVELOPMENT_TEAM = 97JN7SJ3KH;
				INFOPLIST_FILE = HelloSnapshot/Info.plist;
				LD_RUNPATH_SEARCH_PATHS = (
					"$(inherited)",
					"@executable_path/Frameworks",
				);
				PRODUCT_BUNDLE_IDENTIFIER = com.weathernews.HelloSnapshot;
				PRODUCT_NAME = "$(TARGET_NAME)";
				SWIFT_VERSION = 5.0;
				TARGETED_DEVICE_FAMILY = "1,2";
			};
			name = Debug;
		};
		F97E1E7723474531005B9373 /* Release */ = {
			isa = XCBuildConfiguration;
			buildSettings = {
				ASSETCATALOG_COMPILER_APPICON_NAME = AppIcon;
				CODE_SIGN_STYLE = Automatic;
				DEVELOPMENT_TEAM = 97JN7SJ3KH;
				INFOPLIST_FILE = HelloSnapshot/Info.plist;
				LD_RUNPATH_SEARCH_PATHS = (
					"$(inherited)",
					"@executable_path/Frameworks",
				);
				PRODUCT_BUNDLE_IDENTIFIER = com.weathernews.HelloSnapshot;
				PRODUCT_NAME = "$(TARGET_NAME)";
				SWIFT_VERSION = 5.0;
				TARGETED_DEVICE_FAMILY = "1,2";
			};
			name = Release;
		};
		F97E1E7923474531005B9373 /* Debug */ = {
			isa = XCBuildConfiguration;
			baseConfigurationReference = 7BFBEFBCC894F12946215F1E /* Pods-HelloSnapshotTests.debug.xcconfig */;
			buildSettings = {
				ALWAYS_EMBED_SWIFT_STANDARD_LIBRARIES = "$(inherited)";
				BUNDLE_LOADER = "$(TEST_HOST)";
				CODE_SIGN_STYLE = Automatic;
				DEVELOPMENT_TEAM = 97JN7SJ3KH;
				INFOPLIST_FILE = HelloSnapshotTests/Info.plist;
				LD_RUNPATH_SEARCH_PATHS = (
					"$(inherited)",
					"@executable_path/Frameworks",
					"@loader_path/Frameworks",
				);
				PRODUCT_BUNDLE_IDENTIFIER = com.weathernews.HelloSnapshotTests;
				PRODUCT_NAME = "$(TARGET_NAME)";
				SWIFT_VERSION = 5.0;
				TARGETED_DEVICE_FAMILY = "1,2";
				TEST_HOST = "$(BUILT_PRODUCTS_DIR)/HelloSnapshot.app/HelloSnapshot";
			};
			name = Debug;
		};
		F97E1E7A23474531005B9373 /* Release */ = {
			isa = XCBuildConfiguration;
			baseConfigurationReference = E3B314E6BE4DD78E71F07984 /* Pods-HelloSnapshotTests.release.xcconfig */;
			buildSettings = {
				ALWAYS_EMBED_SWIFT_STANDARD_LIBRARIES = "$(inherited)";
				BUNDLE_LOADER = "$(TEST_HOST)";
				CODE_SIGN_STYLE = Automatic;
				DEVELOPMENT_TEAM = 97JN7SJ3KH;
				INFOPLIST_FILE = HelloSnapshotTests/Info.plist;
				LD_RUNPATH_SEARCH_PATHS = (
					"$(inherited)",
					"@executable_path/Frameworks",
					"@loader_path/Frameworks",
				);
				PRODUCT_BUNDLE_IDENTIFIER = com.weathernews.HelloSnapshotTests;
				PRODUCT_NAME = "$(TARGET_NAME)";
				SWIFT_VERSION = 5.0;
				TARGETED_DEVICE_FAMILY = "1,2";
				TEST_HOST = "$(BUILT_PRODUCTS_DIR)/HelloSnapshot.app/HelloSnapshot";
			};
			name = Release;
		};
/* End XCBuildConfiguration section */

/* Begin XCConfigurationList section */
		F97E1E5323474531005B9373 /* Build configuration list for PBXProject "HelloSnapshot" */ = {
			isa = XCConfigurationList;
			buildConfigurations = (
				F97E1E7323474531005B9373 /* Debug */,
				F97E1E7423474531005B9373 /* Release */,
			);
			defaultConfigurationIsVisible = 0;
			defaultConfigurationName = Release;
		};
		F97E1E7523474531005B9373 /* Build configuration list for PBXNativeTarget "HelloSnapshot" */ = {
			isa = XCConfigurationList;
			buildConfigurations = (
				F97E1E7623474531005B9373 /* Debug */,
				F97E1E7723474531005B9373 /* Release */,
			);
			defaultConfigurationIsVisible = 0;
			defaultConfigurationName = Release;
		};
		F97E1E7823474531005B9373 /* Build configuration list for PBXNativeTarget "HelloSnapshotTests" */ = {
			isa = XCConfigurationList;
			buildConfigurations = (
				F97E1E7923474531005B9373 /* Debug */,
				F97E1E7A23474531005B9373 /* Release */,
			);
			defaultConfigurationIsVisible = 0;
			defaultConfigurationName = Release;
		};
/* End XCConfigurationList section */
	};
	rootObject = F97E1E5023474531005B9373 /* Project object */;
}
